// !$*UTF8*$!
{
	archiveVersion = 1;
	classes = {
	};
	objectVersion = 50;
	objects = {

/* Begin PBXBuildFile section */
		5C0B2C3C224CAE8400DBD337 /* Alert.swift in Sources */ = {isa = PBXBuildFile; fileRef = 5C0B2C3A224CAE8400DBD337 /* Alert.swift */; };
		5C0B2C3D224CAE8400DBD337 /* CurrentWeather.swift in Sources */ = {isa = PBXBuildFile; fileRef = 5C0B2C3B224CAE8400DBD337 /* CurrentWeather.swift */; };
		5C0B2C3F224CAEBF00DBD337 /* MainWeatherConfiguratorTests.swift in Sources */ = {isa = PBXBuildFile; fileRef = 5C0B2C3E224CAEBF00DBD337 /* MainWeatherConfiguratorTests.swift */; };
		5C0B2C43224CAF2600DBD337 /* MainWeatherInteractorTests.swift in Sources */ = {isa = PBXBuildFile; fileRef = 5C0B2C42224CAF2600DBD337 /* MainWeatherInteractorTests.swift */; };
		5C0B2C45224CAFAD00DBD337 /* WeatherNetworkWorkerMock.swift in Sources */ = {isa = PBXBuildFile; fileRef = 5C0B2C44224CAFAD00DBD337 /* WeatherNetworkWorkerMock.swift */; };
		5C0B2C48224CB0CA00DBD337 /* GenericDataModelsExtensions.swift in Sources */ = {isa = PBXBuildFile; fileRef = 5C0B2C47224CB0CA00DBD337 /* GenericDataModelsExtensions.swift */; };
		5C0B2C4B224CB28000DBD337 /* XCTestCaseExtensions.swift in Sources */ = {isa = PBXBuildFile; fileRef = 5C0B2C4A224CB28000DBD337 /* XCTestCaseExtensions.swift */; };
		5C0B2C4D224CBC8200DBD337 /* MainWeatherPresenterTests.swift in Sources */ = {isa = PBXBuildFile; fileRef = 5C0B2C4C224CBC8200DBD337 /* MainWeatherPresenterTests.swift */; };
		5C1A05AC224BEE41001D011B /* WeatherReading.swift in Sources */ = {isa = PBXBuildFile; fileRef = 5C1A05AB224BEE41001D011B /* WeatherReading.swift */; };
		5C1A05B7224C0C11001D011B /* Alertable.swift in Sources */ = {isa = PBXBuildFile; fileRef = 5C1A05B6224C0C11001D011B /* Alertable.swift */; };
		5C1A05BC224C0CBD001D011B /* UIViewControllerExtensions.swift in Sources */ = {isa = PBXBuildFile; fileRef = 5C1A05BB224C0CBD001D011B /* UIViewControllerExtensions.swift */; };
		5C65E5F52244203E001FB04C /* AppDelegate.swift in Sources */ = {isa = PBXBuildFile; fileRef = 5C65E5F42244203E001FB04C /* AppDelegate.swift */; };
		5C65E5FA2244203E001FB04C /* Main.storyboard in Resources */ = {isa = PBXBuildFile; fileRef = 5C65E5F82244203E001FB04C /* Main.storyboard */; };
		5C65E5FC2244203F001FB04C /* Assets.xcassets in Resources */ = {isa = PBXBuildFile; fileRef = 5C65E5FB2244203F001FB04C /* Assets.xcassets */; };
		5C65E5FF2244203F001FB04C /* LaunchScreen.storyboard in Resources */ = {isa = PBXBuildFile; fileRef = 5C65E5FD2244203F001FB04C /* LaunchScreen.storyboard */; };
		5C65E6282244CD19001FB04C /* MainWeatherPresenter.swift in Sources */ = {isa = PBXBuildFile; fileRef = 5C65E6222244CD19001FB04C /* MainWeatherPresenter.swift */; };
		5C65E6292244CD19001FB04C /* MainWeatherRouter.swift in Sources */ = {isa = PBXBuildFile; fileRef = 5C65E6232244CD19001FB04C /* MainWeatherRouter.swift */; };
		5C65E62A2244CD19001FB04C /* MainWeatherContracts.swift in Sources */ = {isa = PBXBuildFile; fileRef = 5C65E6242244CD19001FB04C /* MainWeatherContracts.swift */; };
		5C65E62B2244CD19001FB04C /* MainWeatherViewController.swift in Sources */ = {isa = PBXBuildFile; fileRef = 5C65E6252244CD19001FB04C /* MainWeatherViewController.swift */; };
		5C65E62C2244CD19001FB04C /* MainWeatherInteractor.swift in Sources */ = {isa = PBXBuildFile; fileRef = 5C65E6262244CD19001FB04C /* MainWeatherInteractor.swift */; };
		5C65E62D2244CD19001FB04C /* MainWeatherConfigurator.swift in Sources */ = {isa = PBXBuildFile; fileRef = 5C65E6272244CD19001FB04C /* MainWeatherConfigurator.swift */; };
		5C65E62F2244CD4B001FB04C /* ViewRouter.swift in Sources */ = {isa = PBXBuildFile; fileRef = 5C65E62E2244CD4B001FB04C /* ViewRouter.swift */; };
		5C65E6322244CF60001FB04C /* NetworkingSupport.swift in Sources */ = {isa = PBXBuildFile; fileRef = 5C65E6312244CF60001FB04C /* NetworkingSupport.swift */; };
		5C65E6362244D09F001FB04C /* Localizable.strings in Resources */ = {isa = PBXBuildFile; fileRef = 5C65E6382244D09F001FB04C /* Localizable.strings */; };
		5C65E63C2244D1B6001FB04C /* StringsExtensions.swift in Sources */ = {isa = PBXBuildFile; fileRef = 5C65E63B2244D1B6001FB04C /* StringsExtensions.swift */; };
		5C65E63F2244D403001FB04C /* NetworkRequestManager.swift in Sources */ = {isa = PBXBuildFile; fileRef = 5C65E63E2244D403001FB04C /* NetworkRequestManager.swift */; };
		5C65E6432244D954001FB04C /* ParameterEncoding.swift in Sources */ = {isa = PBXBuildFile; fileRef = 5C65E6422244D954001FB04C /* ParameterEncoding.swift */; };
		5C65E65022454457001FB04C /* JSONParameterEncoder.swift in Sources */ = {isa = PBXBuildFile; fileRef = 5C65E64F22454457001FB04C /* JSONParameterEncoder.swift */; };
		5C65E65222454464001FB04C /* URLParameterEncoder.swift in Sources */ = {isa = PBXBuildFile; fileRef = 5C65E65122454464001FB04C /* URLParameterEncoder.swift */; };
		5C65E65422454668001FB04C /* CurrentWeatherNetworkRouter.swift in Sources */ = {isa = PBXBuildFile; fileRef = 5C65E65322454668001FB04C /* CurrentWeatherNetworkRouter.swift */; };
		5C68E7B3224EB2CA00F0FD8D /* WeatherReadingTests.swift in Sources */ = {isa = PBXBuildFile; fileRef = 5C68E7B2224EB2CA00F0FD8D /* WeatherReadingTests.swift */; };
		5C68E7B7224EB3EA00F0FD8D /* CurrentWeatherValidResponse.json in Resources */ = {isa = PBXBuildFile; fileRef = 5C68E7B6224EB3EA00F0FD8D /* CurrentWeatherValidResponse.json */; };
		5C68E7BC224EB89200F0FD8D /* CurrentWeatherInvalidResponse.json in Resources */ = {isa = PBXBuildFile; fileRef = 5C68E7BB224EB89200F0FD8D /* CurrentWeatherInvalidResponse.json */; };
		5C68E7BE224EB8BF00F0FD8D /* CurrentWeatherPartiallyInvalidResponse.json in Resources */ = {isa = PBXBuildFile; fileRef = 5C68E7BD224EB8BE00F0FD8D /* CurrentWeatherPartiallyInvalidResponse.json */; };
		5C68E7C0224EB9B300F0FD8D /* CurrentWeatherMissinValuesResponse.json in Resources */ = {isa = PBXBuildFile; fileRef = 5C68E7BF224EB9B300F0FD8D /* CurrentWeatherMissinValuesResponse.json */; };
		5C68E7C2224EBA6A00F0FD8D /* CurrentWeatherNetworkingRouterTests.swift in Sources */ = {isa = PBXBuildFile; fileRef = 5C68E7C1224EBA6A00F0FD8D /* CurrentWeatherNetworkingRouterTests.swift */; };
		5CBD7A12224AA47E00A74095 /* Constants.swift in Sources */ = {isa = PBXBuildFile; fileRef = 5CBD7A11224AA47E00A74095 /* Constants.swift */; };
		5CBD7A15224AA7E400A74095 /* WeatherNetworkWorker.swift in Sources */ = {isa = PBXBuildFile; fileRef = 5CBD7A14224AA7E400A74095 /* WeatherNetworkWorker.swift */; };
		5CBD7A18224AAB5900A74095 /* Either.swift in Sources */ = {isa = PBXBuildFile; fileRef = 5CBD7A17224AAB5900A74095 /* Either.swift */; };
/* End PBXBuildFile section */

/* Begin PBXContainerItemProxy section */
		5C65E6062244203F001FB04C /* PBXContainerItemProxy */ = {
			isa = PBXContainerItemProxy;
			containerPortal = 5C65E5E92244203E001FB04C /* Project object */;
			proxyType = 1;
			remoteGlobalIDString = 5C65E5F02244203E001FB04C;
			remoteInfo = WeatherAppVIP;
		};
/* End PBXContainerItemProxy section */

/* Begin PBXFileReference section */
		5C0B2C3A224CAE8400DBD337 /* Alert.swift */ = {isa = PBXFileReference; fileEncoding = 4; lastKnownFileType = sourcecode.swift; path = Alert.swift; sourceTree = "<group>"; };
		5C0B2C3B224CAE8400DBD337 /* CurrentWeather.swift */ = {isa = PBXFileReference; fileEncoding = 4; lastKnownFileType = sourcecode.swift; path = CurrentWeather.swift; sourceTree = "<group>"; };
		5C0B2C3E224CAEBF00DBD337 /* MainWeatherConfiguratorTests.swift */ = {isa = PBXFileReference; lastKnownFileType = sourcecode.swift; path = MainWeatherConfiguratorTests.swift; sourceTree = "<group>"; };
		5C0B2C42224CAF2600DBD337 /* MainWeatherInteractorTests.swift */ = {isa = PBXFileReference; lastKnownFileType = sourcecode.swift; path = MainWeatherInteractorTests.swift; sourceTree = "<group>"; };
		5C0B2C44224CAFAD00DBD337 /* WeatherNetworkWorkerMock.swift */ = {isa = PBXFileReference; lastKnownFileType = sourcecode.swift; path = WeatherNetworkWorkerMock.swift; sourceTree = "<group>"; };
		5C0B2C47224CB0CA00DBD337 /* GenericDataModelsExtensions.swift */ = {isa = PBXFileReference; lastKnownFileType = sourcecode.swift; path = GenericDataModelsExtensions.swift; sourceTree = "<group>"; };
		5C0B2C4A224CB28000DBD337 /* XCTestCaseExtensions.swift */ = {isa = PBXFileReference; lastKnownFileType = sourcecode.swift; path = XCTestCaseExtensions.swift; sourceTree = "<group>"; };
		5C0B2C4C224CBC8200DBD337 /* MainWeatherPresenterTests.swift */ = {isa = PBXFileReference; lastKnownFileType = sourcecode.swift; path = MainWeatherPresenterTests.swift; sourceTree = "<group>"; };
		5C1A05AB224BEE41001D011B /* WeatherReading.swift */ = {isa = PBXFileReference; fileEncoding = 4; lastKnownFileType = sourcecode.swift; path = WeatherReading.swift; sourceTree = "<group>"; };
		5C1A05B6224C0C11001D011B /* Alertable.swift */ = {isa = PBXFileReference; fileEncoding = 4; lastKnownFileType = sourcecode.swift; path = Alertable.swift; sourceTree = "<group>"; };
		5C1A05BB224C0CBD001D011B /* UIViewControllerExtensions.swift */ = {isa = PBXFileReference; lastKnownFileType = sourcecode.swift; path = UIViewControllerExtensions.swift; sourceTree = "<group>"; };
		5C65E5F12244203E001FB04C /* WeatherAppVIP.app */ = {isa = PBXFileReference; explicitFileType = wrapper.application; includeInIndex = 0; path = WeatherAppVIP.app; sourceTree = BUILT_PRODUCTS_DIR; };
		5C65E5F42244203E001FB04C /* AppDelegate.swift */ = {isa = PBXFileReference; lastKnownFileType = sourcecode.swift; path = AppDelegate.swift; sourceTree = "<group>"; };
		5C65E5F92244203E001FB04C /* Base */ = {isa = PBXFileReference; lastKnownFileType = file.storyboard; name = Base; path = Base.lproj/Main.storyboard; sourceTree = "<group>"; };
		5C65E5FB2244203F001FB04C /* Assets.xcassets */ = {isa = PBXFileReference; lastKnownFileType = folder.assetcatalog; path = Assets.xcassets; sourceTree = "<group>"; };
		5C65E5FE2244203F001FB04C /* Base */ = {isa = PBXFileReference; lastKnownFileType = file.storyboard; name = Base; path = Base.lproj/LaunchScreen.storyboard; sourceTree = "<group>"; };
		5C65E6002244203F001FB04C /* Info.plist */ = {isa = PBXFileReference; lastKnownFileType = text.plist.xml; path = Info.plist; sourceTree = "<group>"; };
		5C65E6052244203F001FB04C /* WeatherAppVIPTests.xctest */ = {isa = PBXFileReference; explicitFileType = wrapper.cfbundle; includeInIndex = 0; path = WeatherAppVIPTests.xctest; sourceTree = BUILT_PRODUCTS_DIR; };
		5C65E60B2244203F001FB04C /* Info.plist */ = {isa = PBXFileReference; lastKnownFileType = text.plist.xml; path = Info.plist; sourceTree = "<group>"; };
		5C65E6222244CD19001FB04C /* MainWeatherPresenter.swift */ = {isa = PBXFileReference; lastKnownFileType = sourcecode.swift; path = MainWeatherPresenter.swift; sourceTree = "<group>"; };
		5C65E6232244CD19001FB04C /* MainWeatherRouter.swift */ = {isa = PBXFileReference; lastKnownFileType = sourcecode.swift; path = MainWeatherRouter.swift; sourceTree = "<group>"; };
		5C65E6242244CD19001FB04C /* MainWeatherContracts.swift */ = {isa = PBXFileReference; lastKnownFileType = sourcecode.swift; path = MainWeatherContracts.swift; sourceTree = "<group>"; };
		5C65E6252244CD19001FB04C /* MainWeatherViewController.swift */ = {isa = PBXFileReference; lastKnownFileType = sourcecode.swift; path = MainWeatherViewController.swift; sourceTree = "<group>"; };
		5C65E6262244CD19001FB04C /* MainWeatherInteractor.swift */ = {isa = PBXFileReference; lastKnownFileType = sourcecode.swift; path = MainWeatherInteractor.swift; sourceTree = "<group>"; };
		5C65E6272244CD19001FB04C /* MainWeatherConfigurator.swift */ = {isa = PBXFileReference; lastKnownFileType = sourcecode.swift; path = MainWeatherConfigurator.swift; sourceTree = "<group>"; };
		5C65E62E2244CD4B001FB04C /* ViewRouter.swift */ = {isa = PBXFileReference; lastKnownFileType = sourcecode.swift; path = ViewRouter.swift; sourceTree = "<group>"; };
		5C65E6312244CF60001FB04C /* NetworkingSupport.swift */ = {isa = PBXFileReference; lastKnownFileType = sourcecode.swift; path = NetworkingSupport.swift; sourceTree = "<group>"; };
		5C65E6372244D09F001FB04C /* en */ = {isa = PBXFileReference; lastKnownFileType = text.plist.strings; name = en; path = en.lproj/Localizable.strings; sourceTree = "<group>"; };
		5C65E63B2244D1B6001FB04C /* StringsExtensions.swift */ = {isa = PBXFileReference; lastKnownFileType = sourcecode.swift; path = StringsExtensions.swift; sourceTree = "<group>"; };
		5C65E63E2244D403001FB04C /* NetworkRequestManager.swift */ = {isa = PBXFileReference; lastKnownFileType = sourcecode.swift; path = NetworkRequestManager.swift; sourceTree = "<group>"; };
		5C65E6422244D954001FB04C /* ParameterEncoding.swift */ = {isa = PBXFileReference; lastKnownFileType = sourcecode.swift; path = ParameterEncoding.swift; sourceTree = "<group>"; };
		5C65E64F22454457001FB04C /* JSONParameterEncoder.swift */ = {isa = PBXFileReference; lastKnownFileType = sourcecode.swift; path = JSONParameterEncoder.swift; sourceTree = "<group>"; };
		5C65E65122454464001FB04C /* URLParameterEncoder.swift */ = {isa = PBXFileReference; lastKnownFileType = sourcecode.swift; path = URLParameterEncoder.swift; sourceTree = "<group>"; };
		5C65E65322454668001FB04C /* CurrentWeatherNetworkRouter.swift */ = {isa = PBXFileReference; lastKnownFileType = sourcecode.swift; path = CurrentWeatherNetworkRouter.swift; sourceTree = "<group>"; };
		5C68E7B2224EB2CA00F0FD8D /* WeatherReadingTests.swift */ = {isa = PBXFileReference; lastKnownFileType = sourcecode.swift; path = WeatherReadingTests.swift; sourceTree = "<group>"; };
		5C68E7B6224EB3EA00F0FD8D /* CurrentWeatherValidResponse.json */ = {isa = PBXFileReference; fileEncoding = 4; lastKnownFileType = text.json; path = CurrentWeatherValidResponse.json; sourceTree = "<group>"; };
		5C68E7BB224EB89200F0FD8D /* CurrentWeatherInvalidResponse.json */ = {isa = PBXFileReference; fileEncoding = 4; lastKnownFileType = text.json; path = CurrentWeatherInvalidResponse.json; sourceTree = "<group>"; };
		5C68E7BD224EB8BE00F0FD8D /* CurrentWeatherPartiallyInvalidResponse.json */ = {isa = PBXFileReference; fileEncoding = 4; lastKnownFileType = text.json; path = CurrentWeatherPartiallyInvalidResponse.json; sourceTree = "<group>"; };
		5C68E7BF224EB9B300F0FD8D /* CurrentWeatherMissinValuesResponse.json */ = {isa = PBXFileReference; fileEncoding = 4; lastKnownFileType = text.json; path = CurrentWeatherMissinValuesResponse.json; sourceTree = "<group>"; };
		5C68E7C1224EBA6A00F0FD8D /* CurrentWeatherNetworkingRouterTests.swift */ = {isa = PBXFileReference; lastKnownFileType = sourcecode.swift; path = CurrentWeatherNetworkingRouterTests.swift; sourceTree = "<group>"; };
		5CBD7A11224AA47E00A74095 /* Constants.swift */ = {isa = PBXFileReference; lastKnownFileType = sourcecode.swift; path = Constants.swift; sourceTree = "<group>"; };
		5CBD7A14224AA7E400A74095 /* WeatherNetworkWorker.swift */ = {isa = PBXFileReference; lastKnownFileType = sourcecode.swift; path = WeatherNetworkWorker.swift; sourceTree = "<group>"; };
		5CBD7A17224AAB5900A74095 /* Either.swift */ = {isa = PBXFileReference; lastKnownFileType = sourcecode.swift; path = Either.swift; sourceTree = "<group>"; };
/* End PBXFileReference section */

/* Begin PBXFrameworksBuildPhase section */
		5C65E5EE2244203E001FB04C /* Frameworks */ = {
			isa = PBXFrameworksBuildPhase;
			buildActionMask = 2147483647;
			files = (
			);
			runOnlyForDeploymentPostprocessing = 0;
		};
		5C65E6022244203F001FB04C /* Frameworks */ = {
			isa = PBXFrameworksBuildPhase;
			buildActionMask = 2147483647;
			files = (
			);
			runOnlyForDeploymentPostprocessing = 0;
		};
/* End PBXFrameworksBuildPhase section */

/* Begin PBXGroup section */
		5C0B2C39224CAE8400DBD337 /* ViewModels */ = {
			isa = PBXGroup;
			children = (
				5C0B2C3A224CAE8400DBD337 /* Alert.swift */,
				5C0B2C3B224CAE8400DBD337 /* CurrentWeather.swift */,
			);
			path = ViewModels;
			sourceTree = "<group>";
		};
		5C0B2C40224CAEC300DBD337 /* Screens */ = {
			isa = PBXGroup;
			children = (
				5C0B2C41224CAEC900DBD337 /* MainWeather */,
			);
			path = Screens;
			sourceTree = "<group>";
		};
		5C0B2C41224CAEC900DBD337 /* MainWeather */ = {
			isa = PBXGroup;
			children = (
				5C0B2C3E224CAEBF00DBD337 /* MainWeatherConfiguratorTests.swift */,
				5C0B2C42224CAF2600DBD337 /* MainWeatherInteractorTests.swift */,
				5C0B2C4C224CBC8200DBD337 /* MainWeatherPresenterTests.swift */,
			);
			path = MainWeather;
			sourceTree = "<group>";
		};
		5C0B2C46224CAFB100DBD337 /* WorkerMocks */ = {
			isa = PBXGroup;
			children = (
				5C0B2C44224CAFAD00DBD337 /* WeatherNetworkWorkerMock.swift */,
			);
			path = WorkerMocks;
			sourceTree = "<group>";
		};
		5C0B2C49224CB1B000DBD337 /* Extensions */ = {
			isa = PBXGroup;
			children = (
				5C0B2C47224CB0CA00DBD337 /* GenericDataModelsExtensions.swift */,
				5C0B2C4A224CB28000DBD337 /* XCTestCaseExtensions.swift */,
			);
			path = Extensions;
			sourceTree = "<group>";
		};
		5C1A05AA224BEE2C001D011B /* Models */ = {
			isa = PBXGroup;
			children = (
				5C1A05AD224BEE47001D011B /* DataModels */,
				5C0B2C39224CAE8400DBD337 /* ViewModels */,
			);
			path = Models;
			sourceTree = "<group>";
		};
		5C1A05AD224BEE47001D011B /* DataModels */ = {
			isa = PBXGroup;
			children = (
				5C1A05AB224BEE41001D011B /* WeatherReading.swift */,
			);
			path = DataModels;
			sourceTree = "<group>";
		};
		5C1A05BA224C0C34001D011B /* Protocols */ = {
			isa = PBXGroup;
			children = (
				5C1A05B6224C0C11001D011B /* Alertable.swift */,
			);
			path = Protocols;
			sourceTree = "<group>";
		};
		5C65E5E82244203E001FB04C = {
			isa = PBXGroup;
			children = (
				5C65E5F32244203E001FB04C /* WeatherAppVIP */,
				5C65E6082244203F001FB04C /* WeatherAppVIPTests */,
				5C65E5F22244203E001FB04C /* Products */,
			);
			sourceTree = "<group>";
		};
		5C65E5F22244203E001FB04C /* Products */ = {
			isa = PBXGroup;
			children = (
				5C65E5F12244203E001FB04C /* WeatherAppVIP.app */,
				5C65E6052244203F001FB04C /* WeatherAppVIPTests.xctest */,
			);
			name = Products;
			sourceTree = "<group>";
		};
		5C65E5F32244203E001FB04C /* WeatherAppVIP */ = {
			isa = PBXGroup;
			children = (
				5C65E63D2244D1BA001FB04C /* BaseExtensions */,
				5C1A05AA224BEE2C001D011B /* Models */,
				5C65E6332244CF65001FB04C /* Networking */,
				5C1A05BA224C0C34001D011B /* Protocols */,
				5C65E6392244D0A9001FB04C /* Resources */,
				5C65E6182244CC6C001FB04C /* Screens */,
				5C65E63A2244D0B7001FB04C /* Storyboards */,
				5C65E6302244CD4F001FB04C /* SupportingObjects */,
				5CBD7A19224ABA4D00A74095 /* Workers */,
			);
			path = WeatherAppVIP;
			sourceTree = "<group>";
		};
		5C65E6082244203F001FB04C /* WeatherAppVIPTests */ = {
			isa = PBXGroup;
			children = (
				5C0B2C49224CB1B000DBD337 /* Extensions */,
				5C68E7B8224EB40500F0FD8D /* MockJSON */,
				5C68E7B4224EB2CD00F0FD8D /* Models */,
				5C68E7C3224EBA6F00F0FD8D /* Networking */,
				5C0B2C40224CAEC300DBD337 /* Screens */,
				5C0B2C46224CAFB100DBD337 /* WorkerMocks */,
				5C65E60B2244203F001FB04C /* Info.plist */,
			);
			path = WeatherAppVIPTests;
			sourceTree = "<group>";
		};
		5C65E6182244CC6C001FB04C /* Screens */ = {
			isa = PBXGroup;
			children = (
				5C65E6192244CC77001FB04C /* MainWeather */,
			);
			path = Screens;
			sourceTree = "<group>";
		};
		5C65E6192244CC77001FB04C /* MainWeather */ = {
			isa = PBXGroup;
			children = (
				5C65E6242244CD19001FB04C /* MainWeatherContracts.swift */,
				5C65E6272244CD19001FB04C /* MainWeatherConfigurator.swift */,
				5C65E6232244CD19001FB04C /* MainWeatherRouter.swift */,
				5C65E6262244CD19001FB04C /* MainWeatherInteractor.swift */,
				5C65E6222244CD19001FB04C /* MainWeatherPresenter.swift */,
				5C65E6252244CD19001FB04C /* MainWeatherViewController.swift */,
			);
			path = MainWeather;
			sourceTree = "<group>";
		};
		5C65E6302244CD4F001FB04C /* SupportingObjects */ = {
			isa = PBXGroup;
			children = (
				5C65E5F42244203E001FB04C /* AppDelegate.swift */,
				5CBD7A11224AA47E00A74095 /* Constants.swift */,
				5CBD7A17224AAB5900A74095 /* Either.swift */,
				5C65E62E2244CD4B001FB04C /* ViewRouter.swift */,
			);
			path = SupportingObjects;
			sourceTree = "<group>";
		};
		5C65E6332244CF65001FB04C /* Networking */ = {
			isa = PBXGroup;
			children = (
				5C65E6552245466D001FB04C /* Routers */,
				5CBD7A13224AA7CE00A74095 /* Support */,
				5C65E6442244D95F001FB04C /* URLParameterEncoding */,
			);
			path = Networking;
			sourceTree = "<group>";
		};
		5C65E6392244D0A9001FB04C /* Resources */ = {
			isa = PBXGroup;
			children = (
				5C65E5FB2244203F001FB04C /* Assets.xcassets */,
				5C65E6002244203F001FB04C /* Info.plist */,
				5C65E6382244D09F001FB04C /* Localizable.strings */,
			);
			path = Resources;
			sourceTree = "<group>";
		};
		5C65E63A2244D0B7001FB04C /* Storyboards */ = {
			isa = PBXGroup;
			children = (
				5C65E5F82244203E001FB04C /* Main.storyboard */,
				5C65E5FD2244203F001FB04C /* LaunchScreen.storyboard */,
			);
			path = Storyboards;
			sourceTree = "<group>";
		};
		5C65E63D2244D1BA001FB04C /* BaseExtensions */ = {
			isa = PBXGroup;
			children = (
				5C65E63B2244D1B6001FB04C /* StringsExtensions.swift */,
				5C1A05BB224C0CBD001D011B /* UIViewControllerExtensions.swift */,
			);
			path = BaseExtensions;
			sourceTree = "<group>";
		};
		5C65E6442244D95F001FB04C /* URLParameterEncoding */ = {
			isa = PBXGroup;
			children = (
				5C65E6422244D954001FB04C /* ParameterEncoding.swift */,
				5C65E64F22454457001FB04C /* JSONParameterEncoder.swift */,
				5C65E65122454464001FB04C /* URLParameterEncoder.swift */,
			);
			path = URLParameterEncoding;
			sourceTree = "<group>";
		};
		5C65E6552245466D001FB04C /* Routers */ = {
			isa = PBXGroup;
			children = (
				5C65E65322454668001FB04C /* CurrentWeatherNetworkRouter.swift */,
			);
			path = Routers;
			sourceTree = "<group>";
		};
		5C68E7B4224EB2CD00F0FD8D /* Models */ = {
			isa = PBXGroup;
			children = (
				5C68E7B5224EB2D700F0FD8D /* DataModels */,
			);
			path = Models;
			sourceTree = "<group>";
		};
		5C68E7B5224EB2D700F0FD8D /* DataModels */ = {
			isa = PBXGroup;
			children = (
				5C68E7B2224EB2CA00F0FD8D /* WeatherReadingTests.swift */,
			);
			path = DataModels;
			sourceTree = "<group>";
		};
		5C68E7B8224EB40500F0FD8D /* MockJSON */ = {
			isa = PBXGroup;
			children = (
				5C68E7BB224EB89200F0FD8D /* CurrentWeatherInvalidResponse.json */,
				5C68E7BF224EB9B300F0FD8D /* CurrentWeatherMissinValuesResponse.json */,
				5C68E7BD224EB8BE00F0FD8D /* CurrentWeatherPartiallyInvalidResponse.json */,
				5C68E7B6224EB3EA00F0FD8D /* CurrentWeatherValidResponse.json */,
			);
			path = MockJSON;
			sourceTree = "<group>";
		};
		5C68E7C3224EBA6F00F0FD8D /* Networking */ = {
			isa = PBXGroup;
			children = (
				5C68E7C4224EBA8500F0FD8D /* Routers */,
			);
			path = Networking;
			sourceTree = "<group>";
		};
		5C68E7C4224EBA8500F0FD8D /* Routers */ = {
			isa = PBXGroup;
			children = (
				5C68E7C1224EBA6A00F0FD8D /* CurrentWeatherNetworkingRouterTests.swift */,
			);
			path = Routers;
			sourceTree = "<group>";
		};
		5CBD7A13224AA7CE00A74095 /* Support */ = {
			isa = PBXGroup;
			children = (
				5C65E6312244CF60001FB04C /* NetworkingSupport.swift */,
				5C65E63E2244D403001FB04C /* NetworkRequestManager.swift */,
			);
			path = Support;
			sourceTree = "<group>";
		};
		5CBD7A19224ABA4D00A74095 /* Workers */ = {
			isa = PBXGroup;
			children = (
				5CBD7A14224AA7E400A74095 /* WeatherNetworkWorker.swift */,
			);
			path = Workers;
			sourceTree = "<group>";
		};
/* End PBXGroup section */

/* Begin PBXNativeTarget section */
		5C65E5F02244203E001FB04C /* WeatherAppVIP */ = {
			isa = PBXNativeTarget;
			buildConfigurationList = 5C65E60E2244203F001FB04C /* Build configuration list for PBXNativeTarget "WeatherAppVIP" */;
			buildPhases = (
				5C65E5ED2244203E001FB04C /* Sources */,
				5C65E5EE2244203E001FB04C /* Frameworks */,
				5C65E5EF2244203E001FB04C /* Resources */,
			);
			buildRules = (
			);
			dependencies = (
			);
			name = WeatherAppVIP;
			productName = WeatherAppVIP;
			productReference = 5C65E5F12244203E001FB04C /* WeatherAppVIP.app */;
			productType = "com.apple.product-type.application";
		};
		5C65E6042244203F001FB04C /* WeatherAppVIPTests */ = {
			isa = PBXNativeTarget;
			buildConfigurationList = 5C65E6112244203F001FB04C /* Build configuration list for PBXNativeTarget "WeatherAppVIPTests" */;
			buildPhases = (
				5C65E6012244203F001FB04C /* Sources */,
				5C65E6022244203F001FB04C /* Frameworks */,
				5C65E6032244203F001FB04C /* Resources */,
			);
			buildRules = (
			);
			dependencies = (
				5C65E6072244203F001FB04C /* PBXTargetDependency */,
			);
			name = WeatherAppVIPTests;
			productName = WeatherAppVIPTests;
			productReference = 5C65E6052244203F001FB04C /* WeatherAppVIPTests.xctest */;
			productType = "com.apple.product-type.bundle.unit-test";
		};
/* End PBXNativeTarget section */

/* Begin PBXProject section */
		5C65E5E92244203E001FB04C /* Project object */ = {
			isa = PBXProject;
			attributes = {
				LastSwiftUpdateCheck = 1010;
				LastUpgradeCheck = 1010;
				ORGANIZATIONNAME = "Igor Nakonetsnoi";
				TargetAttributes = {
					5C65E5F02244203E001FB04C = {
						CreatedOnToolsVersion = 10.1;
					};
					5C65E6042244203F001FB04C = {
						CreatedOnToolsVersion = 10.1;
						TestTargetID = 5C65E5F02244203E001FB04C;
					};
				};
			};
			buildConfigurationList = 5C65E5EC2244203E001FB04C /* Build configuration list for PBXProject "WeatherAppVIP" */;
			compatibilityVersion = "Xcode 9.3";
			developmentRegion = en;
			hasScannedForEncodings = 0;
			knownRegions = (
				en,
				Base,
			);
			mainGroup = 5C65E5E82244203E001FB04C;
			productRefGroup = 5C65E5F22244203E001FB04C /* Products */;
			projectDirPath = "";
			projectRoot = "";
			targets = (
				5C65E5F02244203E001FB04C /* WeatherAppVIP */,
				5C65E6042244203F001FB04C /* WeatherAppVIPTests */,
			);
		};
/* End PBXProject section */

/* Begin PBXResourcesBuildPhase section */
		5C65E5EF2244203E001FB04C /* Resources */ = {
			isa = PBXResourcesBuildPhase;
			buildActionMask = 2147483647;
			files = (
				5C65E5FF2244203F001FB04C /* LaunchScreen.storyboard in Resources */,
				5C65E6362244D09F001FB04C /* Localizable.strings in Resources */,
				5C65E5FC2244203F001FB04C /* Assets.xcassets in Resources */,
				5C65E5FA2244203E001FB04C /* Main.storyboard in Resources */,
			);
			runOnlyForDeploymentPostprocessing = 0;
		};
		5C65E6032244203F001FB04C /* Resources */ = {
			isa = PBXResourcesBuildPhase;
			buildActionMask = 2147483647;
			files = (
				5C68E7C0224EB9B300F0FD8D /* CurrentWeatherMissinValuesResponse.json in Resources */,
				5C68E7B7224EB3EA00F0FD8D /* CurrentWeatherValidResponse.json in Resources */,
				5C68E7BC224EB89200F0FD8D /* CurrentWeatherInvalidResponse.json in Resources */,
				5C68E7BE224EB8BF00F0FD8D /* CurrentWeatherPartiallyInvalidResponse.json in Resources */,
			);
			runOnlyForDeploymentPostprocessing = 0;
		};
/* End PBXResourcesBuildPhase section */

/* Begin PBXSourcesBuildPhase section */
		5C65E5ED2244203E001FB04C /* Sources */ = {
			isa = PBXSourcesBuildPhase;
			buildActionMask = 2147483647;
			files = (
				5C65E6292244CD19001FB04C /* MainWeatherRouter.swift in Sources */,
				5CBD7A12224AA47E00A74095 /* Constants.swift in Sources */,
				5C65E6282244CD19001FB04C /* MainWeatherPresenter.swift in Sources */,
				5C65E63F2244D403001FB04C /* NetworkRequestManager.swift in Sources */,
				5C0B2C3D224CAE8400DBD337 /* CurrentWeather.swift in Sources */,
				5C65E62D2244CD19001FB04C /* MainWeatherConfigurator.swift in Sources */,
				5CBD7A15224AA7E400A74095 /* WeatherNetworkWorker.swift in Sources */,
				5C65E65022454457001FB04C /* JSONParameterEncoder.swift in Sources */,
				5C65E65422454668001FB04C /* CurrentWeatherNetworkRouter.swift in Sources */,
				5C0B2C3C224CAE8400DBD337 /* Alert.swift in Sources */,
				5C1A05AC224BEE41001D011B /* WeatherReading.swift in Sources */,
				5C65E6322244CF60001FB04C /* NetworkingSupport.swift in Sources */,
				5CBD7A18224AAB5900A74095 /* Either.swift in Sources */,
				5C1A05BC224C0CBD001D011B /* UIViewControllerExtensions.swift in Sources */,
				5C65E65222454464001FB04C /* URLParameterEncoder.swift in Sources */,
				5C65E63C2244D1B6001FB04C /* StringsExtensions.swift in Sources */,
				5C65E6432244D954001FB04C /* ParameterEncoding.swift in Sources */,
				5C1A05B7224C0C11001D011B /* Alertable.swift in Sources */,
				5C65E5F52244203E001FB04C /* AppDelegate.swift in Sources */,
				5C65E62B2244CD19001FB04C /* MainWeatherViewController.swift in Sources */,
				5C65E62C2244CD19001FB04C /* MainWeatherInteractor.swift in Sources */,
				5C65E62A2244CD19001FB04C /* MainWeatherContracts.swift in Sources */,
				5C65E62F2244CD4B001FB04C /* ViewRouter.swift in Sources */,
			);
			runOnlyForDeploymentPostprocessing = 0;
		};
		5C65E6012244203F001FB04C /* Sources */ = {
			isa = PBXSourcesBuildPhase;
			buildActionMask = 2147483647;
			files = (
				5C0B2C4D224CBC8200DBD337 /* MainWeatherPresenterTests.swift in Sources */,
				5C0B2C4B224CB28000DBD337 /* XCTestCaseExtensions.swift in Sources */,
				5C0B2C43224CAF2600DBD337 /* MainWeatherInteractorTests.swift in Sources */,
				5C68E7C2224EBA6A00F0FD8D /* CurrentWeatherNetworkingRouterTests.swift in Sources */,
				5C0B2C48224CB0CA00DBD337 /* GenericDataModelsExtensions.swift in Sources */,
				5C0B2C3F224CAEBF00DBD337 /* MainWeatherConfiguratorTests.swift in Sources */,
				5C68E7B3224EB2CA00F0FD8D /* WeatherReadingTests.swift in Sources */,
				5C0B2C45224CAFAD00DBD337 /* WeatherNetworkWorkerMock.swift in Sources */,
			);
			runOnlyForDeploymentPostprocessing = 0;
		};
/* End PBXSourcesBuildPhase section */

/* Begin PBXTargetDependency section */
		5C65E6072244203F001FB04C /* PBXTargetDependency */ = {
			isa = PBXTargetDependency;
			target = 5C65E5F02244203E001FB04C /* WeatherAppVIP */;
			targetProxy = 5C65E6062244203F001FB04C /* PBXContainerItemProxy */;
		};
/* End PBXTargetDependency section */

/* Begin PBXVariantGroup section */
		5C65E5F82244203E001FB04C /* Main.storyboard */ = {
			isa = PBXVariantGroup;
			children = (
				5C65E5F92244203E001FB04C /* Base */,
			);
			name = Main.storyboard;
			sourceTree = "<group>";
		};
		5C65E5FD2244203F001FB04C /* LaunchScreen.storyboard */ = {
			isa = PBXVariantGroup;
			children = (
				5C65E5FE2244203F001FB04C /* Base */,
			);
			name = LaunchScreen.storyboard;
			sourceTree = "<group>";
		};
		5C65E6382244D09F001FB04C /* Localizable.strings */ = {
			isa = PBXVariantGroup;
			children = (
				5C65E6372244D09F001FB04C /* en */,
			);
			name = Localizable.strings;
			sourceTree = "<group>";
		};
/* End PBXVariantGroup section */

/* Begin XCBuildConfiguration section */
		5C65E60C2244203F001FB04C /* Debug */ = {
			isa = XCBuildConfiguration;
			buildSettings = {
				ALWAYS_SEARCH_USER_PATHS = NO;
				CLANG_ANALYZER_NONNULL = YES;
				CLANG_ANALYZER_NUMBER_OBJECT_CONVERSION = YES_AGGRESSIVE;
				CLANG_CXX_LANGUAGE_STANDARD = "gnu++14";
				CLANG_CXX_LIBRARY = "libc++";
				CLANG_ENABLE_MODULES = YES;
				CLANG_ENABLE_OBJC_ARC = YES;
				CLANG_ENABLE_OBJC_WEAK = YES;
				CLANG_WARN_BLOCK_CAPTURE_AUTORELEASING = YES;
				CLANG_WARN_BOOL_CONVERSION = YES;
				CLANG_WARN_COMMA = YES;
				CLANG_WARN_CONSTANT_CONVERSION = YES;
				CLANG_WARN_DEPRECATED_OBJC_IMPLEMENTATIONS = YES;
				CLANG_WARN_DIRECT_OBJC_ISA_USAGE = YES_ERROR;
				CLANG_WARN_DOCUMENTATION_COMMENTS = YES;
				CLANG_WARN_EMPTY_BODY = YES;
				CLANG_WARN_ENUM_CONVERSION = YES;
				CLANG_WARN_INFINITE_RECURSION = YES;
				CLANG_WARN_INT_CONVERSION = YES;
				CLANG_WARN_NON_LITERAL_NULL_CONVERSION = YES;
				CLANG_WARN_OBJC_IMPLICIT_RETAIN_SELF = YES;
				CLANG_WARN_OBJC_LITERAL_CONVERSION = YES;
				CLANG_WARN_OBJC_ROOT_CLASS = YES_ERROR;
				CLANG_WARN_RANGE_LOOP_ANALYSIS = YES;
				CLANG_WARN_STRICT_PROTOTYPES = YES;
				CLANG_WARN_SUSPICIOUS_MOVE = YES;
				CLANG_WARN_UNGUARDED_AVAILABILITY = YES_AGGRESSIVE;
				CLANG_WARN_UNREACHABLE_CODE = YES;
				CLANG_WARN__DUPLICATE_METHOD_MATCH = YES;
				CODE_SIGN_IDENTITY = "iPhone Developer";
				COPY_PHASE_STRIP = NO;
				DEBUG_INFORMATION_FORMAT = dwarf;
				ENABLE_STRICT_OBJC_MSGSEND = YES;
				ENABLE_TESTABILITY = YES;
				GCC_C_LANGUAGE_STANDARD = gnu11;
				GCC_DYNAMIC_NO_PIC = NO;
				GCC_NO_COMMON_BLOCKS = YES;
				GCC_OPTIMIZATION_LEVEL = 0;
				GCC_PREPROCESSOR_DEFINITIONS = (
					"DEBUG=1",
					"$(inherited)",
				);
				GCC_WARN_64_TO_32_BIT_CONVERSION = YES;
				GCC_WARN_ABOUT_RETURN_TYPE = YES_ERROR;
				GCC_WARN_UNDECLARED_SELECTOR = YES;
				GCC_WARN_UNINITIALIZED_AUTOS = YES_AGGRESSIVE;
				GCC_WARN_UNUSED_FUNCTION = YES;
				GCC_WARN_UNUSED_VARIABLE = YES;
				IPHONEOS_DEPLOYMENT_TARGET = 12.1;
				MTL_ENABLE_DEBUG_INFO = INCLUDE_SOURCE;
				MTL_FAST_MATH = YES;
				ONLY_ACTIVE_ARCH = YES;
				SDKROOT = iphoneos;
				SWIFT_ACTIVE_COMPILATION_CONDITIONS = DEBUG;
				SWIFT_OPTIMIZATION_LEVEL = "-Onone";
			};
			name = Debug;
		};
		5C65E60D2244203F001FB04C /* Release */ = {
			isa = XCBuildConfiguration;
			buildSettings = {
				ALWAYS_SEARCH_USER_PATHS = NO;
				CLANG_ANALYZER_NONNULL = YES;
				CLANG_ANALYZER_NUMBER_OBJECT_CONVERSION = YES_AGGRESSIVE;
				CLANG_CXX_LANGUAGE_STANDARD = "gnu++14";
				CLANG_CXX_LIBRARY = "libc++";
				CLANG_ENABLE_MODULES = YES;
				CLANG_ENABLE_OBJC_ARC = YES;
				CLANG_ENABLE_OBJC_WEAK = YES;
				CLANG_WARN_BLOCK_CAPTURE_AUTORELEASING = YES;
				CLANG_WARN_BOOL_CONVERSION = YES;
				CLANG_WARN_COMMA = YES;
				CLANG_WARN_CONSTANT_CONVERSION = YES;
				CLANG_WARN_DEPRECATED_OBJC_IMPLEMENTATIONS = YES;
				CLANG_WARN_DIRECT_OBJC_ISA_USAGE = YES_ERROR;
				CLANG_WARN_DOCUMENTATION_COMMENTS = YES;
				CLANG_WARN_EMPTY_BODY = YES;
				CLANG_WARN_ENUM_CONVERSION = YES;
				CLANG_WARN_INFINITE_RECURSION = YES;
				CLANG_WARN_INT_CONVERSION = YES;
				CLANG_WARN_NON_LITERAL_NULL_CONVERSION = YES;
				CLANG_WARN_OBJC_IMPLICIT_RETAIN_SELF = YES;
				CLANG_WARN_OBJC_LITERAL_CONVERSION = YES;
				CLANG_WARN_OBJC_ROOT_CLASS = YES_ERROR;
				CLANG_WARN_RANGE_LOOP_ANALYSIS = YES;
				CLANG_WARN_STRICT_PROTOTYPES = YES;
				CLANG_WARN_SUSPICIOUS_MOVE = YES;
				CLANG_WARN_UNGUARDED_AVAILABILITY = YES_AGGRESSIVE;
				CLANG_WARN_UNREACHABLE_CODE = YES;
				CLANG_WARN__DUPLICATE_METHOD_MATCH = YES;
				CODE_SIGN_IDENTITY = "iPhone Developer";
				COPY_PHASE_STRIP = NO;
				DEBUG_INFORMATION_FORMAT = "dwarf-with-dsym";
				ENABLE_NS_ASSERTIONS = NO;
				ENABLE_STRICT_OBJC_MSGSEND = YES;
				GCC_C_LANGUAGE_STANDARD = gnu11;
				GCC_NO_COMMON_BLOCKS = YES;
				GCC_WARN_64_TO_32_BIT_CONVERSION = YES;
				GCC_WARN_ABOUT_RETURN_TYPE = YES_ERROR;
				GCC_WARN_UNDECLARED_SELECTOR = YES;
				GCC_WARN_UNINITIALIZED_AUTOS = YES_AGGRESSIVE;
				GCC_WARN_UNUSED_FUNCTION = YES;
				GCC_WARN_UNUSED_VARIABLE = YES;
				IPHONEOS_DEPLOYMENT_TARGET = 12.1;
				MTL_ENABLE_DEBUG_INFO = NO;
				MTL_FAST_MATH = YES;
				SDKROOT = iphoneos;
				SWIFT_COMPILATION_MODE = wholemodule;
				SWIFT_OPTIMIZATION_LEVEL = "-O";
				VALIDATE_PRODUCT = YES;
			};
			name = Release;
		};
		5C65E60F2244203F001FB04C /* Debug */ = {
			isa = XCBuildConfiguration;
			buildSettings = {
				ASSETCATALOG_COMPILER_APPICON_NAME = AppIcon;
				CODE_SIGN_STYLE = Automatic;
				INFOPLIST_FILE = WeatherAppVIP/Resources/Info.plist;
				IPHONEOS_DEPLOYMENT_TARGET = 12.0;
				LD_RUNPATH_SEARCH_PATHS = (
					"$(inherited)",
					"@executable_path/Frameworks",
				);
				PRODUCT_BUNDLE_IDENTIFIER = igor.nakonetsnoi.WeatherAppVIP;
				PRODUCT_NAME = "$(TARGET_NAME)";
				SWIFT_VERSION = 4.2;
				TARGETED_DEVICE_FAMILY = 1;
			};
			name = Debug;
		};
		5C65E6102244203F001FB04C /* Release */ = {
			isa = XCBuildConfiguration;
			buildSettings = {
				ASSETCATALOG_COMPILER_APPICON_NAME = AppIcon;
				CODE_SIGN_STYLE = Automatic;
				INFOPLIST_FILE = WeatherAppVIP/Resources/Info.plist;
				IPHONEOS_DEPLOYMENT_TARGET = 12.0;
				LD_RUNPATH_SEARCH_PATHS = (
					"$(inherited)",
					"@executable_path/Frameworks",
				);
				PRODUCT_BUNDLE_IDENTIFIER = igor.nakonetsnoi.WeatherAppVIP;
				PRODUCT_NAME = "$(TARGET_NAME)";
				SWIFT_VERSION = 4.2;
				TARGETED_DEVICE_FAMILY = 1;
			};
			name = Release;
		};
		5C65E6122244203F001FB04C /* Debug */ = {
			isa = XCBuildConfiguration;
			buildSettings = {
				ALWAYS_EMBED_SWIFT_STANDARD_LIBRARIES = YES;
				BUNDLE_LOADER = "$(TEST_HOST)";
				CODE_SIGN_STYLE = Automatic;
				INFOPLIST_FILE = WeatherAppVIPTests/Info.plist;
				LD_RUNPATH_SEARCH_PATHS = (
					"$(inherited)",
					"@executable_path/Frameworks",
					"@loader_path/Frameworks",
				);
				PRODUCT_BUNDLE_IDENTIFIER = "Igor-Nakonetsnoi.WeatherAppVIPTests";
				PRODUCT_NAME = "$(TARGET_NAME)";
				SWIFT_VERSION = 4.2;
				TARGETED_DEVICE_FAMILY = "1,2";
				TEST_HOST = "$(BUILT_PRODUCTS_DIR)/WeatherAppVIP.app/WeatherAppVIP";
			};
			name = Debug;
		};
		5C65E6132244203F001FB04C /* Release */ = {
			isa = XCBuildConfiguration;
			buildSettings = {
				ALWAYS_EMBED_SWIFT_STANDARD_LIBRARIES = YES;
				BUNDLE_LOADER = "$(TEST_HOST)";
				CODE_SIGN_STYLE = Automatic;
				INFOPLIST_FILE = WeatherAppVIPTests/Info.plist;
				LD_RUNPATH_SEARCH_PATHS = (
					"$(inherited)",
					"@executable_path/Frameworks",
					"@loader_path/Frameworks",
				);
				PRODUCT_BUNDLE_IDENTIFIER = "Igor-Nakonetsnoi.WeatherAppVIPTests";
				PRODUCT_NAME = "$(TARGET_NAME)";
				SWIFT_VERSION = 4.2;
				TARGETED_DEVICE_FAMILY = "1,2";
				TEST_HOST = "$(BUILT_PRODUCTS_DIR)/WeatherAppVIP.app/WeatherAppVIP";
			};
			name = Release;
		};
/* End XCBuildConfiguration section */

/* Begin XCConfigurationList section */
		5C65E5EC2244203E001FB04C /* Build configuration list for PBXProject "WeatherAppVIP" */ = {
			isa = XCConfigurationList;
			buildConfigurations = (
				5C65E60C2244203F001FB04C /* Debug */,
				5C65E60D2244203F001FB04C /* Release */,
			);
			defaultConfigurationIsVisible = 0;
			defaultConfigurationName = Release;
		};
		5C65E60E2244203F001FB04C /* Build configuration list for PBXNativeTarget "WeatherAppVIP" */ = {
			isa = XCConfigurationList;
			buildConfigurations = (
				5C65E60F2244203F001FB04C /* Debug */,
				5C65E6102244203F001FB04C /* Release */,
			);
			defaultConfigurationIsVisible = 0;
			defaultConfigurationName = Release;
		};
		5C65E6112244203F001FB04C /* Build configuration list for PBXNativeTarget "WeatherAppVIPTests" */ = {
			isa = XCConfigurationList;
			buildConfigurations = (
				5C65E6122244203F001FB04C /* Debug */,
				5C65E6132244203F001FB04C /* Release */,
			);
			defaultConfigurationIsVisible = 0;
			defaultConfigurationName = Release;
		};
/* End XCConfigurationList section */
	};
	rootObject = 5C65E5E92244203E001FB04C /* Project object */;
}
